
Microsoft Visual Studio Solution File, Format Version 12.00
# Visual Studio Version 17
VisualStudioVersion = 17.4.33110.190
MinimumVisualStudioVersion = 10.0.40219.1
Project("{FAE04EC0-301F-11D3-BF4B-00C04F79EFBC}") = "zmiana_zdj_przed_kartk", "zmiana_zdj_przed_kartk\zmiana_zdj_przed_kartk.csproj", "{A59FD7C3-A26C-4C07-A621-25E7B2E2CCBE}"
EndProject
Global
	GlobalSection(SolutionConfigurationPlatforms) = preSolution
		Debug|Any CPU = Debug|Any CPU
		Release|Any CPU = Release|Any CPU
	EndGlobalSection
	GlobalSection(ProjectConfigurationPlatforms) = postSolution
		{A59FD7C3-A26C-4C07-A621-25E7B2E2CCBE}.Debug|Any CPU.ActiveCfg = Debug|Any CPU
		{A59FD7C3-A26C-4C07-A621-25E7B2E2CCBE}.Debug|Any CPU.Build.0 = Debug|Any CPU
		{A59FD7C3-A26C-4C07-A621-25E7B2E2CCBE}.Release|Any CPU.ActiveCfg = Release|Any CPU
		{A59FD7C3-A26C-4C07-A621-25E7B2E2CCBE}.Release|Any CPU.Build.0 = Release|Any CPU
	EndGlobalSection
	GlobalSection(SolutionProperties) = preSolution
		HideSolutionNode = FALSE
	EndGlobalSection
	GlobalSection(ExtensibilityGlobals) = postSolution
		SolutionGuid = {9213F4B4-38DA-48C7-A714-D8CB3F7A4E92}
	EndGlobalSection
EndGlobal
